
Microsoft Visual Studio Solution File, Format Version 12.00
# Visual Studio Version 17
VisualStudioVersion = 17.4.33205.214
MinimumVisualStudioVersion = 10.0.40219.1
Project("{FAE04EC0-301F-11D3-BF4B-00C04F79EFBC}") = "CollectX.Api", "CollectX.Api\CollectX.Api.csproj", "{1CE2F555-927B-4A41-B3FF-E7CD0ED51AD2}"
EndProject
Project("{FAE04EC0-301F-11D3-BF4B-00C04F79EFBC}") = "CollectX.Domain", "CollectX.Domain\CollectX.Domain.csproj", "{13759D78-4365-4663-BD40-27C058365D11}"
EndProject
Project("{FAE04EC0-301F-11D3-BF4B-00C04F79EFBC}") = "CollectX.Data", "CollectX.Data\CollectX.Data.csproj", "{52A08D9B-0EC8-401C-9C3C-9A80C17D117D}"
EndProject
Global
	GlobalSection(SolutionConfigurationPlatforms) = preSolution
		Debug|Any CPU = Debug|Any CPU
		Release|Any CPU = Release|Any CPU
	EndGlobalSection
	GlobalSection(ProjectConfigurationPlatforms) = postSolution
		{1CE2F555-927B-4A41-B3FF-E7CD0ED51AD2}.Debug|Any CPU.ActiveCfg = Debug|Any CPU
		{1CE2F555-927B-4A41-B3FF-E7CD0ED51AD2}.Debug|Any CPU.Build.0 = Debug|Any CPU
		{1CE2F555-927B-4A41-B3FF-E7CD0ED51AD2}.Release|Any CPU.ActiveCfg = Release|Any CPU
		{1CE2F555-927B-4A41-B3FF-E7CD0ED51AD2}.Release|Any CPU.Build.0 = Release|Any CPU
		{13759D78-4365-4663-BD40-27C058365D11}.Debug|Any CPU.ActiveCfg = Debug|Any CPU
		{13759D78-4365-4663-BD40-27C058365D11}.Debug|Any CPU.Build.0 = Debug|Any CPU
		{13759D78-4365-4663-BD40-27C058365D11}.Release|Any CPU.ActiveCfg = Release|Any CPU
		{13759D78-4365-4663-BD40-27C058365D11}.Release|Any CPU.Build.0 = Release|Any CPU
		{52A08D9B-0EC8-401C-9C3C-9A80C17D117D}.Debug|Any CPU.ActiveCfg = Debug|Any CPU
		{52A08D9B-0EC8-401C-9C3C-9A80C17D117D}.Debug|Any CPU.Build.0 = Debug|Any CPU
		{52A08D9B-0EC8-401C-9C3C-9A80C17D117D}.Release|Any CPU.ActiveCfg = Release|Any CPU
		{52A08D9B-0EC8-401C-9C3C-9A80C17D117D}.Release|Any CPU.Build.0 = Release|Any CPU
	EndGlobalSection
	GlobalSection(SolutionProperties) = preSolution
		HideSolutionNode = FALSE
	EndGlobalSection
	GlobalSection(ExtensibilityGlobals) = postSolution
		SolutionGuid = {0C040E68-9816-4705-BCB1-A5E82383493C}
	EndGlobalSection
EndGlobal
